
Microsoft Visual Studio Solution File, Format Version 12.00
# Visual Studio Version 16
VisualStudioVersion = 16.0.31729.503
MinimumVisualStudioVersion = 10.0.40219.1
Project("{FAE04EC0-301F-11D3-BF4B-00C04F79EFBC}") = "Demo1", "Demo1\Demo1.csproj", "{CE8E3232-8815-4EE6-9949-A7F619AAAF3A}"
EndProject
Project("{FAE04EC0-301F-11D3-BF4B-00C04F79EFBC}") = "Contracts", "Contracts\Contracts.csproj", "{5AC33BB3-3634-4C7F-8E89-C60570760C42}"
EndProject
Project("{FAE04EC0-301F-11D3-BF4B-00C04F79EFBC}") = "LoggerService", "LoggerService\LoggerService.csproj", "{571551D8-FC5A-4CD4-832F-8188EA75760C}"
EndProject
Global
	GlobalSection(SolutionConfigurationPlatforms) = preSolution
		Debug|Any CPU = Debug|Any CPU
		Release|Any CPU = Release|Any CPU
	EndGlobalSection
	GlobalSection(ProjectConfigurationPlatforms) = postSolution
		{CE8E3232-8815-4EE6-9949-A7F619AAAF3A}.Debug|Any CPU.ActiveCfg = Debug|Any CPU
		{CE8E3232-8815-4EE6-9949-A7F619AAAF3A}.Debug|Any CPU.Build.0 = Debug|Any CPU
		{CE8E3232-8815-4EE6-9949-A7F619AAAF3A}.Release|Any CPU.ActiveCfg = Release|Any CPU
		{CE8E3232-8815-4EE6-9949-A7F619AAAF3A}.Release|Any CPU.Build.0 = Release|Any CPU
		{5AC33BB3-3634-4C7F-8E89-C60570760C42}.Debug|Any CPU.ActiveCfg = Debug|Any CPU
		{5AC33BB3-3634-4C7F-8E89-C60570760C42}.Debug|Any CPU.Build.0 = Debug|Any CPU
		{5AC33BB3-3634-4C7F-8E89-C60570760C42}.Release|Any CPU.ActiveCfg = Release|Any CPU
		{5AC33BB3-3634-4C7F-8E89-C60570760C42}.Release|Any CPU.Build.0 = Release|Any CPU
		{571551D8-FC5A-4CD4-832F-8188EA75760C}.Debug|Any CPU.ActiveCfg = Debug|Any CPU
		{571551D8-FC5A-4CD4-832F-8188EA75760C}.Debug|Any CPU.Build.0 = Debug|Any CPU
		{571551D8-FC5A-4CD4-832F-8188EA75760C}.Release|Any CPU.ActiveCfg = Release|Any CPU
		{571551D8-FC5A-4CD4-832F-8188EA75760C}.Release|Any CPU.Build.0 = Release|Any CPU
	EndGlobalSection
	GlobalSection(SolutionProperties) = preSolution
		HideSolutionNode = FALSE
	EndGlobalSection
	GlobalSection(ExtensibilityGlobals) = postSolution
		SolutionGuid = {226B5CC6-1584-4259-9716-6F3E5884451B}
	EndGlobalSection
EndGlobal
