
Microsoft Visual Studio Solution File, Format Version 12.00
# Visual Studio Version 16
VisualStudioVersion = 16.0.31729.503
MinimumVisualStudioVersion = 10.0.40219.1
Project("{9A19103F-16F7-4668-BE54-9A1E7A4F7556}") = "NunitTestDemo", "NunitTestDemo\NunitTestDemo.csproj", "{56E1C9BB-476B-4BFE-9428-E5D9537DE3AA}"
EndProject
Project("{FAE04EC0-301F-11D3-BF4B-00C04F79EFBC}") = "TestProject1", "TestProject1\TestProject1.csproj", "{954E1309-DA8A-4653-AD11-1E1A6603F785}"
EndProject
Global
	GlobalSection(SolutionConfigurationPlatforms) = preSolution
		Debug|Any CPU = Debug|Any CPU
		Release|Any CPU = Release|Any CPU
	EndGlobalSection
	GlobalSection(ProjectConfigurationPlatforms) = postSolution
		{56E1C9BB-476B-4BFE-9428-E5D9537DE3AA}.Debug|Any CPU.ActiveCfg = Debug|Any CPU
		{56E1C9BB-476B-4BFE-9428-E5D9537DE3AA}.Debug|Any CPU.Build.0 = Debug|Any CPU
		{56E1C9BB-476B-4BFE-9428-E5D9537DE3AA}.Release|Any CPU.ActiveCfg = Release|Any CPU
		{56E1C9BB-476B-4BFE-9428-E5D9537DE3AA}.Release|Any CPU.Build.0 = Release|Any CPU
		{954E1309-DA8A-4653-AD11-1E1A6603F785}.Debug|Any CPU.ActiveCfg = Debug|Any CPU
		{954E1309-DA8A-4653-AD11-1E1A6603F785}.Debug|Any CPU.Build.0 = Debug|Any CPU
		{954E1309-DA8A-4653-AD11-1E1A6603F785}.Release|Any CPU.ActiveCfg = Release|Any CPU
		{954E1309-DA8A-4653-AD11-1E1A6603F785}.Release|Any CPU.Build.0 = Release|Any CPU
	EndGlobalSection
	GlobalSection(SolutionProperties) = preSolution
		HideSolutionNode = FALSE
	EndGlobalSection
	GlobalSection(ExtensibilityGlobals) = postSolution
		SolutionGuid = {2A330379-503D-47DB-AA10-487D061A265E}
	EndGlobalSection
EndGlobal
