
Microsoft Visual Studio Solution File, Format Version 12.00
# Visual Studio Version 16
VisualStudioVersion = 16.0.31729.503
MinimumVisualStudioVersion = 10.0.40219.1
Project("{FAE04EC0-301F-11D3-BF4B-00C04F79EFBC}") = "Nunit.Demo", "Nunit.Demo\Nunit.Demo.csproj", "{95F70EAF-668B-47F9-B755-ED1886F1BFEC}"
EndProject
Project("{FAE04EC0-301F-11D3-BF4B-00C04F79EFBC}") = "Nunit.Demo.Test", "Nunit.Demo.Test\Nunit.Demo.Test.csproj", "{6241D83F-13F5-421A-A5D4-79D63AFDC2D2}"
EndProject
Project("{FAE04EC0-301F-11D3-BF4B-00C04F79EFBC}") = "Nunit.Demo.Console", "Nunit.Demo.Console\Nunit.Demo.Console.csproj", "{65F863AF-8528-455E-A208-A6E1F1BC7886}"
EndProject
Global
	GlobalSection(SolutionConfigurationPlatforms) = preSolution
		Debug|Any CPU = Debug|Any CPU
		Release|Any CPU = Release|Any CPU
	EndGlobalSection
	GlobalSection(ProjectConfigurationPlatforms) = postSolution
		{95F70EAF-668B-47F9-B755-ED1886F1BFEC}.Debug|Any CPU.ActiveCfg = Debug|Any CPU
		{95F70EAF-668B-47F9-B755-ED1886F1BFEC}.Debug|Any CPU.Build.0 = Debug|Any CPU
		{95F70EAF-668B-47F9-B755-ED1886F1BFEC}.Release|Any CPU.ActiveCfg = Release|Any CPU
		{95F70EAF-668B-47F9-B755-ED1886F1BFEC}.Release|Any CPU.Build.0 = Release|Any CPU
		{6241D83F-13F5-421A-A5D4-79D63AFDC2D2}.Debug|Any CPU.ActiveCfg = Debug|Any CPU
		{6241D83F-13F5-421A-A5D4-79D63AFDC2D2}.Debug|Any CPU.Build.0 = Debug|Any CPU
		{6241D83F-13F5-421A-A5D4-79D63AFDC2D2}.Release|Any CPU.ActiveCfg = Release|Any CPU
		{6241D83F-13F5-421A-A5D4-79D63AFDC2D2}.Release|Any CPU.Build.0 = Release|Any CPU
		{65F863AF-8528-455E-A208-A6E1F1BC7886}.Debug|Any CPU.ActiveCfg = Debug|Any CPU
		{65F863AF-8528-455E-A208-A6E1F1BC7886}.Debug|Any CPU.Build.0 = Debug|Any CPU
		{65F863AF-8528-455E-A208-A6E1F1BC7886}.Release|Any CPU.ActiveCfg = Release|Any CPU
		{65F863AF-8528-455E-A208-A6E1F1BC7886}.Release|Any CPU.Build.0 = Release|Any CPU
	EndGlobalSection
	GlobalSection(SolutionProperties) = preSolution
		HideSolutionNode = FALSE
	EndGlobalSection
	GlobalSection(ExtensibilityGlobals) = postSolution
		SolutionGuid = {C2AF6FD0-548B-4269-A428-D29366E569BE}
	EndGlobalSection
EndGlobal
