
Microsoft Visual Studio Solution File, Format Version 12.00
# Visual Studio Version 16
VisualStudioVersion = 16.0.31729.503
MinimumVisualStudioVersion = 10.0.40219.1
Project("{FAE04EC0-301F-11D3-BF4B-00C04F79EFBC}") = "CodeFirstdemo3", "CodeFirstdemo3\CodeFirstdemo3.csproj", "{04C2BA2C-2B4C-48C1-B332-51A5E6061318}"
EndProject
Global
	GlobalSection(SolutionConfigurationPlatforms) = preSolution
		Debug|Any CPU = Debug|Any CPU
		Release|Any CPU = Release|Any CPU
	EndGlobalSection
	GlobalSection(ProjectConfigurationPlatforms) = postSolution
		{04C2BA2C-2B4C-48C1-B332-51A5E6061318}.Debug|Any CPU.ActiveCfg = Debug|Any CPU
		{04C2BA2C-2B4C-48C1-B332-51A5E6061318}.Debug|Any CPU.Build.0 = Debug|Any CPU
		{04C2BA2C-2B4C-48C1-B332-51A5E6061318}.Release|Any CPU.ActiveCfg = Release|Any CPU
		{04C2BA2C-2B4C-48C1-B332-51A5E6061318}.Release|Any CPU.Build.0 = Release|Any CPU
	EndGlobalSection
	GlobalSection(SolutionProperties) = preSolution
		HideSolutionNode = FALSE
	EndGlobalSection
	GlobalSection(ExtensibilityGlobals) = postSolution
		SolutionGuid = {5C9F2858-5745-48F7-AF01-4A59E3CE4934}
	EndGlobalSection
EndGlobal
