
Microsoft Visual Studio Solution File, Format Version 12.00
# Visual Studio Version 16
VisualStudioVersion = 16.0.31729.503
MinimumVisualStudioVersion = 10.0.40219.1
Project("{FAE04EC0-301F-11D3-BF4B-00C04F79EFBC}") = "Project.Main.Test", "Project.Main.Test\Project.Main.Test.csproj", "{B6E9B1EA-9A03-4CCA-8204-745093045FCE}"
EndProject
Project("{FAE04EC0-301F-11D3-BF4B-00C04F79EFBC}") = "Project1.Test", "Project1.Test\Project1.Test.csproj", "{63724F70-1706-4F2E-BF9B-EA91C333B078}"
EndProject
Global
	GlobalSection(SolutionConfigurationPlatforms) = preSolution
		Debug|Any CPU = Debug|Any CPU
		Release|Any CPU = Release|Any CPU
	EndGlobalSection
	GlobalSection(ProjectConfigurationPlatforms) = postSolution
		{B6E9B1EA-9A03-4CCA-8204-745093045FCE}.Debug|Any CPU.ActiveCfg = Debug|Any CPU
		{B6E9B1EA-9A03-4CCA-8204-745093045FCE}.Debug|Any CPU.Build.0 = Debug|Any CPU
		{B6E9B1EA-9A03-4CCA-8204-745093045FCE}.Release|Any CPU.ActiveCfg = Release|Any CPU
		{B6E9B1EA-9A03-4CCA-8204-745093045FCE}.Release|Any CPU.Build.0 = Release|Any CPU
		{63724F70-1706-4F2E-BF9B-EA91C333B078}.Debug|Any CPU.ActiveCfg = Debug|Any CPU
		{63724F70-1706-4F2E-BF9B-EA91C333B078}.Debug|Any CPU.Build.0 = Debug|Any CPU
		{63724F70-1706-4F2E-BF9B-EA91C333B078}.Release|Any CPU.ActiveCfg = Release|Any CPU
		{63724F70-1706-4F2E-BF9B-EA91C333B078}.Release|Any CPU.Build.0 = Release|Any CPU
	EndGlobalSection
	GlobalSection(SolutionProperties) = preSolution
		HideSolutionNode = FALSE
	EndGlobalSection
	GlobalSection(ExtensibilityGlobals) = postSolution
		SolutionGuid = {96AE9CA7-B3C6-4C84-AAD6-7E358866FA49}
	EndGlobalSection
EndGlobal
